{
  "name": "dots-vscode",
  "lockfileVersion": 3,
  "requires": true,
  "packages": {
    "": {
      "dependencies": {
        "@types/vscode": "^1.89.0"
      }
    },
    "node_modules/@types/vscode": {
      "version": "1.89.0",
      "resolved": "https://registry.npmjs.org/@types/vscode/-/vscode-1.89.0.tgz",
      "integrity": "sha512-TMfGKLSVxfGfoO8JfIE/neZqv7QLwS4nwPwL/NwMvxtAY2230H2I4Z5xx6836pmJvMAzqooRQ4pmLm7RUicP3A=="
    }
  }
}
